
Microsoft Visual Studio Solution File, Format Version 12.00
# Visual Studio Version 16
VisualStudioVersion = 16.0.30225.117
MinimumVisualStudioVersion = 10.0.40219.1
Project("{FAE04EC0-301F-11D3-BF4B-00C04F79EFBC}") = "test1", "test1.csproj", "{CE691384-401A-4A67-AAA3-86C7B4E2E5FF}"
EndProject
Global
	GlobalSection(SolutionConfigurationPlatforms) = preSolution
		Debug|Any CPU = Debug|Any CPU
		Release|Any CPU = Release|Any CPU
	EndGlobalSection
	GlobalSection(ProjectConfigurationPlatforms) = postSolution
		{CE691384-401A-4A67-AAA3-86C7B4E2E5FF}.Debug|Any CPU.ActiveCfg = Debug|Any CPU
		{CE691384-401A-4A67-AAA3-86C7B4E2E5FF}.Debug|Any CPU.Build.0 = Debug|Any CPU
		{CE691384-401A-4A67-AAA3-86C7B4E2E5FF}.Release|Any CPU.ActiveCfg = Release|Any CPU
		{CE691384-401A-4A67-AAA3-86C7B4E2E5FF}.Release|Any CPU.Build.0 = Release|Any CPU
	EndGlobalSection
	GlobalSection(SolutionProperties) = preSolution
		HideSolutionNode = FALSE
	EndGlobalSection
	GlobalSection(ExtensibilityGlobals) = postSolution
		SolutionGuid = {91960C37-7541-4577-850B-C7E8C0000592}
	EndGlobalSection
EndGlobal
